
Microsoft Visual Studio Solution File, Format Version 12.00
# Visual Studio Version 16
VisualStudioVersion = 16.0.30717.126
MinimumVisualStudioVersion = 10.0.40219.1
Project("{FAE04EC0-301F-11D3-BF4B-00C04F79EFBC}") = "Stappenplan", "Stappenplan\Stappenplan.csproj", "{7FBCC897-5142-420C-99B8-997E39E148FE}"
EndProject
Global
	GlobalSection(SolutionConfigurationPlatforms) = preSolution
		Debug|Any CPU = Debug|Any CPU
		Release|Any CPU = Release|Any CPU
	EndGlobalSection
	GlobalSection(ProjectConfigurationPlatforms) = postSolution
		{7FBCC897-5142-420C-99B8-997E39E148FE}.Debug|Any CPU.ActiveCfg = Debug|Any CPU
		{7FBCC897-5142-420C-99B8-997E39E148FE}.Debug|Any CPU.Build.0 = Debug|Any CPU
		{7FBCC897-5142-420C-99B8-997E39E148FE}.Release|Any CPU.ActiveCfg = Release|Any CPU
		{7FBCC897-5142-420C-99B8-997E39E148FE}.Release|Any CPU.Build.0 = Release|Any CPU
	EndGlobalSection
	GlobalSection(SolutionProperties) = preSolution
		HideSolutionNode = FALSE
	EndGlobalSection
	GlobalSection(ExtensibilityGlobals) = postSolution
		SolutionGuid = {660E968B-3128-4223-8B79-343DAA0CBDDD}
	EndGlobalSection
EndGlobal
